// !$*UTF8*$!
{
	archiveVersion = 1;
	classes = {
	};
	objectVersion = 46;
	objects = {

/* Begin PBXBuildFile section */
		ACA9837E1E504F90004526D0 /* main.m in Sources */ = {isa = PBXBuildFile; fileRef = ACA9837D1E504F90004526D0 /* main.m */; };
		ACA983811E504F91004526D0 /* AppDelegate.m in Sources */ = {isa = PBXBuildFile; fileRef = ACA983801E504F91004526D0 /* AppDelegate.m */; };
		ACA983841E504F91004526D0 /* ViewController.m in Sources */ = {isa = PBXBuildFile; fileRef = ACA983831E504F91004526D0 /* ViewController.m */; };
		ACA983871E504F91004526D0 /* Main.storyboard in Resources */ = {isa = PBXBuildFile; fileRef = ACA983851E504F91004526D0 /* Main.storyboard */; };
		ACA983891E504F91004526D0 /* Assets.xcassets in Resources */ = {isa = PBXBuildFile; fileRef = ACA983881E504F91004526D0 /* Assets.xcassets */; };
		ACA9838C1E504F91004526D0 /* LaunchScreen.storyboard in Resources */ = {isa = PBXBuildFile; fileRef = ACA9838A1E504F91004526D0 /* LaunchScreen.storyboard */; };
		DC169DC37118DA7DA5E48770 /* libPods-ScrollTest.a in Frameworks */ = {isa = PBXBuildFile; fileRef = D61853ECC25F4957799BB9B7 /* libPods-ScrollTest.a */; };
/* End PBXBuildFile section */

/* Begin PBXFileReference section */
		ACA983791E504F90004526D0 /* ScrollTest.app */ = {isa = PBXFileReference; explicitFileType = wrapper.application; includeInIndex = 0; path = ScrollTest.app; sourceTree = BUILT_PRODUCTS_DIR; };
		ACA9837D1E504F90004526D0 /* main.m */ = {isa = PBXFileReference; lastKnownFileType = sourcecode.c.objc; path = main.m; sourceTree = "<group>"; };
		ACA9837F1E504F90004526D0 /* AppDelegate.h */ = {isa = PBXFileReference; lastKnownFileType = sourcecode.c.h; path = AppDelegate.h; sourceTree = "<group>"; };
		ACA983801E504F91004526D0 /* AppDelegate.m */ = {isa = PBXFileReference; lastKnownFileType = sourcecode.c.objc; path = AppDelegate.m; sourceTree = "<group>"; };
		ACA983821E504F91004526D0 /* ViewController.h */ = {isa = PBXFileReference; lastKnownFileType = sourcecode.c.h; path = ViewController.h; sourceTree = "<group>"; };
		ACA983831E504F91004526D0 /* ViewController.m */ = {isa = PBXFileReference; lastKnownFileType = sourcecode.c.objc; path = ViewController.m; sourceTree = "<group>"; };
		ACA983861E504F91004526D0 /* Base */ = {isa = PBXFileReference; lastKnownFileType = file.storyboard; name = Base; path = Base.lproj/Main.storyboard; sourceTree = "<group>"; };
		ACA983881E504F91004526D0 /* Assets.xcassets */ = {isa = PBXFileReference; lastKnownFileType = folder.assetcatalog; path = Assets.xcassets; sourceTree = "<group>"; };
		ACA9838B1E504F91004526D0 /* Base */ = {isa = PBXFileReference; lastKnownFileType = file.storyboard; name = Base; path = Base.lproj/LaunchScreen.storyboard; sourceTree = "<group>"; };
		ACA9838D1E504F91004526D0 /* Info.plist */ = {isa = PBXFileReference; lastKnownFileType = text.plist.xml; path = Info.plist; sourceTree = "<group>"; };
		C2C4B23353765DD109206396 /* Pods-ScrollTest.release.xcconfig */ = {isa = PBXFileReference; includeInIndex = 1; lastKnownFileType = text.xcconfig; name = "Pods-ScrollTest.release.xcconfig"; path = "Pods/Target Support Files/Pods-ScrollTest/Pods-ScrollTest.release.xcconfig"; sourceTree = "<group>"; };
		D5AA5D03DD63FA68DD08FC3E /* Pods-ScrollTest.debug.xcconfig */ = {isa = PBXFileReference; includeInIndex = 1; lastKnownFileType = text.xcconfig; name = "Pods-ScrollTest.debug.xcconfig"; path = "Pods/Target Support Files/Pods-ScrollTest/Pods-ScrollTest.debug.xcconfig"; sourceTree = "<group>"; };
		D61853ECC25F4957799BB9B7 /* libPods-ScrollTest.a */ = {isa = PBXFileReference; explicitFileType = archive.ar; includeInIndex = 0; path = "libPods-ScrollTest.a"; sourceTree = BUILT_PRODUCTS_DIR; };
/* End PBXFileReference section */

/* Begin PBXFrameworksBuildPhase section */
		ACA983761E504F90004526D0 /* Frameworks */ = {
			isa = PBXFrameworksBuildPhase;
			buildActionMask = 2147483647;
			files = (
				DC169DC37118DA7DA5E48770 /* libPods-ScrollTest.a in Frameworks */,
			);
			runOnlyForDeploymentPostprocessing = 0;
		};
/* End PBXFrameworksBuildPhase section */

/* Begin PBXGroup section */
		ACA983701E504F90004526D0 = {
			isa = PBXGroup;
			children = (
				ACA9837B1E504F90004526D0 /* ScrollTest */,
				ACA9837A1E504F90004526D0 /* Products */,
				F35140024B42DB86A54C9673 /* Pods */,
				FF7AB3A394E743DA9FBC553E /* Frameworks */,
			);
			sourceTree = "<group>";
		};
		ACA9837A1E504F90004526D0 /* Products */ = {
			isa = PBXGroup;
			children = (
				ACA983791E504F90004526D0 /* ScrollTest.app */,
			);
			name = Products;
			sourceTree = "<group>";
		};
		ACA9837B1E504F90004526D0 /* ScrollTest */ = {
			isa = PBXGroup;
			children = (
				ACA9837F1E504F90004526D0 /* AppDelegate.h */,
				ACA983801E504F91004526D0 /* AppDelegate.m */,
				ACA983821E504F91004526D0 /* ViewController.h */,
				ACA983831E504F91004526D0 /* ViewController.m */,
				ACA983851E504F91004526D0 /* Main.storyboard */,
				ACA983881E504F91004526D0 /* Assets.xcassets */,
				ACA9838A1E504F91004526D0 /* LaunchScreen.storyboard */,
				ACA9838D1E504F91004526D0 /* Info.plist */,
				ACA9837C1E504F90004526D0 /* Supporting Files */,
			);
			path = ScrollTest;
			sourceTree = "<group>";
		};
		ACA9837C1E504F90004526D0 /* Supporting Files */ = {
			isa = PBXGroup;
			children = (
				ACA9837D1E504F90004526D0 /* main.m */,
			);
			name = "Supporting Files";
			sourceTree = "<group>";
		};
		F35140024B42DB86A54C9673 /* Pods */ = {
			isa = PBXGroup;
			children = (
				D5AA5D03DD63FA68DD08FC3E /* Pods-ScrollTest.debug.xcconfig */,
				C2C4B23353765DD109206396 /* Pods-ScrollTest.release.xcconfig */,
			);
			name = Pods;
			sourceTree = "<group>";
		};
		FF7AB3A394E743DA9FBC553E /* Frameworks */ = {
			isa = PBXGroup;
			children = (
				D61853ECC25F4957799BB9B7 /* libPods-ScrollTest.a */,
			);
			name = Frameworks;
			sourceTree = "<group>";
		};
/* End PBXGroup section */

/* Begin PBXNativeTarget section */
		ACA983781E504F90004526D0 /* ScrollTest */ = {
			isa = PBXNativeTarget;
			buildConfigurationList = ACA983901E504F91004526D0 /* Build configuration list for PBXNativeTarget "ScrollTest" */;
			buildPhases = (
				E05E8EEC3C71A2A315705168 /* [CP] Check Pods Manifest.lock */,
				ACA983751E504F90004526D0 /* Sources */,
				ACA983761E504F90004526D0 /* Frameworks */,
				ACA983771E504F90004526D0 /* Resources */,
				5D7F7DB4905E9A29DF6D20BB /* [CP] Embed Pods Frameworks */,
				E6D90A3FE9576F8DF29671A1 /* [CP] Copy Pods Resources */,
			);
			buildRules = (
			);
			dependencies = (
			);
			name = ScrollTest;
			productName = ScrollTest;
			productReference = ACA983791E504F90004526D0 /* ScrollTest.app */;
			productType = "com.apple.product-type.application";
		};
/* End PBXNativeTarget section */

/* Begin PBXProject section */
		ACA983711E504F90004526D0 /* Project object */ = {
			isa = PBXProject;
			attributes = {
				LastUpgradeCheck = 0820;
				ORGANIZATIONNAME = "Milorad Orzes";
				TargetAttributes = {
					ACA983781E504F90004526D0 = {
						CreatedOnToolsVersion = 8.2.1;
						ProvisioningStyle = Automatic;
					};
				};
			};
			buildConfigurationList = ACA983741E504F90004526D0 /* Build configuration list for PBXProject "ScrollTest" */;
			compatibilityVersion = "Xcode 3.2";
			developmentRegion = English;
			hasScannedForEncodings = 0;
			knownRegions = (
				en,
				Base,
			);
			mainGroup = ACA983701E504F90004526D0;
			productRefGroup = ACA9837A1E504F90004526D0 /* Products */;
			projectDirPath = "";
			projectRoot = "";
			targets = (
				ACA983781E504F90004526D0 /* ScrollTest */,
			);
		};
/* End PBXProject section */

/* Begin PBXResourcesBuildPhase section */
		ACA983771E504F90004526D0 /* Resources */ = {
			isa = PBXResourcesBuildPhase;
			buildActionMask = 2147483647;
			files = (
				ACA9838C1E504F91004526D0 /* LaunchScreen.storyboard in Resources */,
				ACA983891E504F91004526D0 /* Assets.xcassets in Resources */,
				ACA983871E504F91004526D0 /* Main.storyboard in Resources */,
			);
			runOnlyForDeploymentPostprocessing = 0;
		};
/* End PBXResourcesBuildPhase section */

/* Begin PBXShellScriptBuildPhase section */
		5D7F7DB4905E9A29DF6D20BB /* [CP] Embed Pods Frameworks */ = {
			isa = PBXShellScriptBuildPhase;
			buildActionMask = 2147483647;
			files = (
			);
			inputPaths = (
			);
			name = "[CP] Embed Pods Frameworks";
			outputPaths = (
			);
			runOnlyForDeploymentPostprocessing = 0;
			shellPath = /bin/sh;
			shellScript = "\"${SRCROOT}/Pods/Target Support Files/Pods-ScrollTest/Pods-ScrollTest-frameworks.sh\"\n";
			showEnvVarsInLog = 0;
		};
		E05E8EEC3C71A2A315705168 /* [CP] Check Pods Manifest.lock */ = {
			isa = PBXShellScriptBuildPhase;
			buildActionMask = 2147483647;
			files = (
			);
			inputPaths = (
			);
			name = "[CP] Check Pods Manifest.lock";
			outputPaths = (
			);
			runOnlyForDeploymentPostprocessing = 0;
			shellPath = /bin/sh;
			shellScript = "diff \"${PODS_ROOT}/../Podfile.lock\" \"${PODS_ROOT}/Manifest.lock\" > /dev/null\nif [ $? != 0 ] ; then\n    # print error to STDERR\n    echo \"error: The sandbox is not in sync with the Podfile.lock. Run 'pod install' or update your CocoaPods installation.\" >&2\n    exit 1\nfi\n";
			showEnvVarsInLog = 0;
		};
		E6D90A3FE9576F8DF29671A1 /* [CP] Copy Pods Resources */ = {
			isa = PBXShellScriptBuildPhase;
			buildActionMask = 2147483647;
			files = (
			);
			inputPaths = (
			);
			name = "[CP] Copy Pods Resources";
			outputPaths = (
			);
			runOnlyForDeploymentPostprocessing = 0;
			shellPath = /bin/sh;
			shellScript = "\"${SRCROOT}/Pods/Target Support Files/Pods-ScrollTest/Pods-ScrollTest-resources.sh\"\n";
			showEnvVarsInLog = 0;
		};
/* End PBXShellScriptBuildPhase section */

/* Begin PBXSourcesBuildPhase section */
		ACA983751E504F90004526D0 /* Sources */ = {
			isa = PBXSourcesBuildPhase;
			buildActionMask = 2147483647;
			files = (
				ACA983841E504F91004526D0 /* ViewController.m in Sources */,
				ACA983811E504F91004526D0 /* AppDelegate.m in Sources */,
				ACA9837E1E504F90004526D0 /* main.m in Sources */,
			);
			runOnlyForDeploymentPostprocessing = 0;
		};
/* End PBXSourcesBuildPhase section */

/* Begin PBXVariantGroup section */
		ACA983851E504F91004526D0 /* Main.storyboard */ = {
			isa = PBXVariantGroup;
			children = (
				ACA983861E504F91004526D0 /* Base */,
			);
			name = Main.storyboard;
			sourceTree = "<group>";
		};
		ACA9838A1E504F91004526D0 /* LaunchScreen.storyboard */ = {
			isa = PBXVariantGroup;
			children = (
				ACA9838B1E504F91004526D0 /* Base */,
			);
			name = LaunchScreen.storyboard;
			sourceTree = "<group>";
		};
/* End PBXVariantGroup section */

/* Begin XCBuildConfiguration section */
		ACA9838E1E504F91004526D0 /* Debug */ = {
			isa = XCBuildConfiguration;
			buildSettings = {
				ALWAYS_SEARCH_USER_PATHS = NO;
				CLANG_ANALYZER_NONNULL = YES;
				CLANG_CXX_LANGUAGE_STANDARD = "gnu++0x";
				CLANG_CXX_LIBRARY = "libc++";
				CLANG_ENABLE_MODULES = YES;
				CLANG_ENABLE_OBJC_ARC = YES;
				CLANG_WARN_BOOL_CONVERSION = YES;
				CLANG_WARN_CONSTANT_CONVERSION = YES;
				CLANG_WARN_DIRECT_OBJC_ISA_USAGE = YES_ERROR;
				CLANG_WARN_DOCUMENTATION_COMMENTS = YES;
				CLANG_WARN_EMPTY_BODY = YES;
				CLANG_WARN_ENUM_CONVERSION = YES;
				CLANG_WARN_INFINITE_RECURSION = YES;
				CLANG_WARN_INT_CONVERSION = YES;
				CLANG_WARN_OBJC_ROOT_CLASS = YES_ERROR;
				CLANG_WARN_SUSPICIOUS_MOVE = YES;
				CLANG_WARN_UNREACHABLE_CODE = YES;
				CLANG_WARN__DUPLICATE_METHOD_MATCH = YES;
				"CODE_SIGN_IDENTITY[sdk=iphoneos*]" = "iPhone Developer";
				COPY_PHASE_STRIP = NO;
				DEBUG_INFORMATION_FORMAT = dwarf;
				ENABLE_STRICT_OBJC_MSGSEND = YES;
				ENABLE_TESTABILITY = YES;
				GCC_C_LANGUAGE_STANDARD = gnu99;
				GCC_DYNAMIC_NO_PIC = NO;
				GCC_NO_COMMON_BLOCKS = YES;
				GCC_OPTIMIZATION_LEVEL = 0;
				GCC_PREPROCESSOR_DEFINITIONS = (
					"DEBUG=1",
					"$(inherited)",
				);
				GCC_WARN_64_TO_32_BIT_CONVERSION = YES;
				GCC_WARN_ABOUT_RETURN_TYPE = YES_ERROR;
				GCC_WARN_UNDECLARED_SELECTOR = YES;
				GCC_WARN_UNINITIALIZED_AUTOS = YES_AGGRESSIVE;
				GCC_WARN_UNUSED_FUNCTION = YES;
				GCC_WARN_UNUSED_VARIABLE = YES;
				IPHONEOS_DEPLOYMENT_TARGET = 10.2;
				MTL_ENABLE_DEBUG_INFO = YES;
				ONLY_ACTIVE_ARCH = YES;
				SDKROOT = iphoneos;
				TARGETED_DEVICE_FAMILY = "1,2";
			};
			name = Debug;
		};
		ACA9838F1E504F91004526D0 /* Release */ = {
			isa = XCBuildConfiguration;
			buildSettings = {
				ALWAYS_SEARCH_USER_PATHS = NO;
				CLANG_ANALYZER_NONNULL = YES;
				CLANG_CXX_LANGUAGE_STANDARD = "gnu++0x";
				CLANG_CXX_LIBRARY = "libc++";
				CLANG_ENABLE_MODULES = YES;
				CLANG_ENABLE_OBJC_ARC = YES;
				CLANG_WARN_BOOL_CONVERSION = YES;
				CLANG_WARN_CONSTANT_CONVERSION = YES;
				CLANG_WARN_DIRECT_OBJC_ISA_USAGE = YES_ERROR;
				CLANG_WARN_DOCUMENTATION_COMMENTS = YES;
				CLANG_WARN_EMPTY_BODY = YES;
				CLANG_WARN_ENUM_CONVERSION = YES;
				CLANG_WARN_INFINITE_RECURSION = YES;
				CLANG_WARN_INT_CONVERSION = YES;
				CLANG_WARN_OBJC_ROOT_CLASS = YES_ERROR;
				CLANG_WARN_SUSPICIOUS_MOVE = YES;
				CLANG_WARN_UNREACHABLE_CODE = YES;
				CLANG_WARN__DUPLICATE_METHOD_MATCH = YES;
				"CODE_SIGN_IDENTITY[sdk=iphoneos*]" = "iPhone Developer";
				COPY_PHASE_STRIP = NO;
				DEBUG_INFORMATION_FORMAT = "dwarf-with-dsym";
				ENABLE_NS_ASSERTIONS = NO;
				ENABLE_STRICT_OBJC_MSGSEND = YES;
				GCC_C_LANGUAGE_STANDARD = gnu99;
				GCC_NO_COMMON_BLOCKS = YES;
				GCC_WARN_64_TO_32_BIT_CONVERSION = YES;
				GCC_WARN_ABOUT_RETURN_TYPE = YES_ERROR;
				GCC_WARN_UNDECLARED_SELECTOR = YES;
				GCC_WARN_UNINITIALIZED_AUTOS = YES_AGGRESSIVE;
				GCC_WARN_UNUSED_FUNCTION = YES;
				GCC_WARN_UNUSED_VARIABLE = YES;
				IPHONEOS_DEPLOYMENT_TARGET = 10.2;
				MTL_ENABLE_DEBUG_INFO = NO;
				SDKROOT = iphoneos;
				TARGETED_DEVICE_FAMILY = "1,2";
				VALIDATE_PRODUCT = YES;
			};
			name = Release;
		};
		ACA983911E504F91004526D0 /* Debug */ = {
			isa = XCBuildConfiguration;
			baseConfigurationReference = D5AA5D03DD63FA68DD08FC3E /* Pods-ScrollTest.debug.xcconfig */;
			buildSettings = {
				ASSETCATALOG_COMPILER_APPICON_NAME = AppIcon;
				INFOPLIST_FILE = ScrollTest/Info.plist;
				LD_RUNPATH_SEARCH_PATHS = "$(inherited) @executable_path/Frameworks";
				PRODUCT_BUNDLE_IDENTIFIER = orzes.ScrollTest;
				PRODUCT_NAME = "$(TARGET_NAME)";
			};
			name = Debug;
		};
		ACA983921E504F91004526D0 /* Release */ = {
			isa = XCBuildConfiguration;
			baseConfigurationReference = C2C4B23353765DD109206396 /* Pods-ScrollTest.release.xcconfig */;
			buildSettings = {
				ASSETCATALOG_COMPILER_APPICON_NAME = AppIcon;
				INFOPLIST_FILE = ScrollTest/Info.plist;
				LD_RUNPATH_SEARCH_PATHS = "$(inherited) @executable_path/Frameworks";
				PRODUCT_BUNDLE_IDENTIFIER = orzes.ScrollTest;
				PRODUCT_NAME = "$(TARGET_NAME)";
			};
			name = Release;
		};
/* End XCBuildConfiguration section */

/* Begin XCConfigurationList section */
		ACA983741E504F90004526D0 /* Build configuration list for PBXProject "ScrollTest" */ = {
			isa = XCConfigurationList;
			buildConfigurations = (
				ACA9838E1E504F91004526D0 /* Debug */,
				ACA9838F1E504F91004526D0 /* Release */,
			);
			defaultConfigurationIsVisible = 0;
			defaultConfigurationName = Release;
		};
		ACA983901E504F91004526D0 /* Build configuration list for PBXNativeTarget "ScrollTest" */ = {
			isa = XCConfigurationList;
			buildConfigurations = (
				ACA983911E504F91004526D0 /* Debug */,
				ACA983921E504F91004526D0 /* Release */,
			);
			defaultConfigurationIsVisible = 0;
			defaultConfigurationName = Release;
		};
/* End XCConfigurationList section */
	};
	rootObject = ACA983711E504F90004526D0 /* Project object */;
}
